
Microsoft Visual Studio Solution File, Format Version 12.00
# Visual Studio Version 16
VisualStudioVersion = 16.0.29411.108
MinimumVisualStudioVersion = 10.0.40219.1
Project("{FAE04EC0-301F-11D3-BF4B-00C04F79EFBC}") = "Transport", "Transport\Transport.csproj", "{6104AB5D-B9AC-4CF5-B2DB-AE4D6880B4DC}"
EndProject
Project("{2150E333-8FDC-42A3-9474-1A3956D46DE8}") = "Solution Items", "Solution Items", "{D98AAC08-7A4B-4340-9E83-7B1C8B394AC6}"
EndProject
Global
	GlobalSection(SolutionConfigurationPlatforms) = preSolution
		Debug|Any CPU = Debug|Any CPU
		Release|Any CPU = Release|Any CPU
	EndGlobalSection
	GlobalSection(ProjectConfigurationPlatforms) = postSolution
		{6104AB5D-B9AC-4CF5-B2DB-AE4D6880B4DC}.Debug|Any CPU.ActiveCfg = Debug|Any CPU
		{6104AB5D-B9AC-4CF5-B2DB-AE4D6880B4DC}.Debug|Any CPU.Build.0 = Debug|Any CPU
		{6104AB5D-B9AC-4CF5-B2DB-AE4D6880B4DC}.Release|Any CPU.ActiveCfg = Release|Any CPU
		{6104AB5D-B9AC-4CF5-B2DB-AE4D6880B4DC}.Release|Any CPU.Build.0 = Release|Any CPU
	EndGlobalSection
	GlobalSection(SolutionProperties) = preSolution
		HideSolutionNode = FALSE
	EndGlobalSection
	GlobalSection(ExtensibilityGlobals) = postSolution
		SolutionGuid = {879ADA00-9222-4D19-8D06-4335860FC340}
	EndGlobalSection
EndGlobal
